<?xml version="1.0" encoding="utf-8"?>
<Project ToolsVersion="4.0" xmlns="http://schemas.microsoft.com/developer/msbuild/2003">
  <ItemGroup>
    <Filter Include="Source Files">
      <UniqueIdentifier>{4FC737F1-C7A5-4376-A066-2A32D752A2FF}</UniqueIdentifier>
      <Extensions>cpp;c;cc;cxx;c++;cppm;ixx;def;odl;idl;hpj;bat;asm;asmx</Extensions>
    </Filter>
    <Filter Include="Header Files">
      <UniqueIdentifier>{93995380-89BD-4b04-88EB-625FBE52EBFB}</UniqueIdentifier>
      <Extensions>h;hh;hpp;hxx;h++;hm;inl;inc;ipp;xsd</Extensions>
    </Filter>
    <Filter Include="Resource Files">
      <UniqueIdentifier>{67DA6AB6-F800-4c08-8B7A-83BB121AAD01}</UniqueIdentifier>
      <Extensions>rc;ico;cur;bmp;dlg;rc2;rct;bin;rgs;gif;jpg;jpeg;jpe;resx;tiff;tif;png;wav;mfcribbon-ms</Extensions>
    </Filter>
    <Filter Include="Source Files\Kernels">
      <UniqueIdentifier>{b68e838b-a7a3-47ce-bbfa-8234c508d3fb}</UniqueIdentifier>
    </Filter>
  </ItemGroup>
  <ItemGroup>
    <ClCompile Include="..\..\Source\PLA-SeedFinder.cpp">
      <Filter>Source Files</Filter>
    </ClCompile>
    <ClCompile Include="..\..\Source\ReportCandidates.cpp">
      <Filter>Source Files</Filter>
    </ClCompile>
    <ClCompile Include="..\..\Source\SeedScan.cpp">
      <Filter>Source Files</Filter>
    </ClCompile>
    <ClCompile Include="..\..\Source\Tools.cpp">
      <Filter>Source Files</Filter>
    </ClCompile>
    <ClCompile Include="..\..\Source\CpuFeatures.cpp">
      <Filter>Source Files</Filter>
    </ClCompile>
    <ClCompile Include="..\..\Source\DynamicParallelizer.cpp">
      <Filter>Source Files</Filter>
    </ClCompile>
    <ClCompile Include="..\..\Source\Main.cpp">
      <Filter>Source Files</Filter>
    </ClCompile>
    <ClCompile Include="..\..\Source\Kernels\SeedScan_Default.cpp">
      <Filter>Source Files\Kernels</Filter>
    </ClCompile>
    <ClCompile Include="..\..\Source\Kernels\SeedScan_x64_AVX2.cpp">
      <Filter>Source Files\Kernels</Filter>
    </ClCompile>
    <ClCompile Include="..\..\Source\Kernels\SeedScan_x64_AVX512.cpp">
      <Filter>Source Files\Kernels</Filter>
    </ClCompile>
    <ClCompile Include="..\..\Source\Kernels\SeedScan_x64_SSE41.cpp">
      <Filter>Source Files\Kernels</Filter>
    </ClCompile>
  </ItemGroup>
  <ItemGroup>
    <ClInclude Include="..\..\Source\PLA-SeedFinder.h">
      <Filter>Source Files</Filter>
    </ClInclude>
    <ClInclude Include="..\..\Source\ReportCandidates.h">
      <Filter>Source Files</Filter>
    </ClInclude>
    <ClInclude Include="..\..\Source\SeedScan.h">
      <Filter>Source Files</Filter>
    </ClInclude>
    <ClInclude Include="..\..\Source\Tools.h">
      <Filter>Source Files</Filter>
    </ClInclude>
    <ClInclude Include="..\..\Source\Compiler.h">
      <Filter>Source Files</Filter>
    </ClInclude>
    <ClInclude Include="..\..\Source\DynamicParallelizer.h">
      <Filter>Source Files</Filter>
    </ClInclude>
    <ClInclude Include="..\..\Source\Kernels\XoroShiro2_SSE2.h">
      <Filter>Source Files\Kernels</Filter>
    </ClInclude>
    <ClInclude Include="..\..\Source\Kernels\XoroShiro4_AVX2.h">
      <Filter>Source Files\Kernels</Filter>
    </ClInclude>
    <ClInclude Include="..\..\Source\Kernels\XoroShiro8_AVX512.h">
      <Filter>Source Files\Kernels</Filter>
    </ClInclude>
    <ClInclude Include="..\..\Source\Kernels\XoroShiro1_Default.h">
      <Filter>Source Files\Kernels</Filter>
    </ClInclude>
    <ClInclude Include="..\..\Source\CpuFeatures.h">
      <Filter>Source Files</Filter>
    </ClInclude>
  </ItemGroup>
</Project>